{
  "version": 4,
  "terraform_version": "1.0.2",
  "serial": 55,
  "lineage": "868f7463-f3d4-6b80-ef5d-b9eb2bce92e7",
  "outputs": {},
  "resources": [
    {
      "module": "module.cluster",
      "mode": "managed",
      "type": "google_container_cluster",
      "name": "primary",
      "provider": "provider[\"registry.terraform.io/hashicorp/google\"]",
      "instances": [
        {
          "schema_version": 1,
          "attributes": {
            "addons_config": [
              {
                "cloudrun_config": [],
                "horizontal_pod_autoscaling": [],
                "http_load_balancing": [],
                "network_policy_config": [
                  {
                    "disabled": true
                  }
                ]
              }
            ],
            "authenticator_groups_config": [],
            "cluster_autoscaling": [
              {
                "auto_provisioning_defaults": [],
                "enabled": false,
                "resource_limits": []
              }
            ],
            "cluster_ipv4_cidr": "10.0.0.0/14",
            "database_encryption": [
              {
                "key_name": "",
                "state": "DECRYPTED"
              }
            ],
            "default_max_pods_per_node": null,
            "description": "",
            "enable_binary_authorization": false,
            "enable_intranode_visibility": null,
            "enable_kubernetes_alpha": false,
            "enable_legacy_abac": false,
            "enable_shielded_nodes": false,
            "enable_tpu": null,
            "endpoint": "34.107.91.166",
            "id": "projects/citric-earth-319117/locations/europe-west3/clusters/my-gke-cluster",
            "initial_node_count": 1,
            "instance_group_urls": [],
            "ip_allocation_policy": [],
            "label_fingerprint": "a9dc16a7",
            "location": "europe-west3",
            "logging_service": "logging.googleapis.com/kubernetes",
            "maintenance_policy": [],
            "master_auth": [
              {
                "client_certificate": "",
                "client_certificate_config": [
                  {
                    "issue_client_certificate": false
                  }
                ],
                "client_key": "",
                "cluster_ca_certificate": "LS0tLS1CRUdJTiBDRVJUSUZJQ0FURS0tLS0tCk1JSURLekNDQWhPZ0F3SUJBZ0lSQUlCTnFPRXdqbXNqZnJhR09lcXVUNzB3RFFZSktvWklodmNOQVFFTEJRQXcKTHpFdE1Dc0dBMVVFQXhNa05HVTRaRGc1TXpjdE5UQTFOaTAwTkdZM0xUbGtNVE10WmpNMk5EZzJaRFExTnpOaQpNQjRYRFRJeE1EY3pNVEl5TXpFMU5Gb1hEVEkyTURjek1ESXpNekUxTkZvd0x6RXRNQ3NHQTFVRUF4TWtOR1U0ClpEZzVNemN0TlRBMU5pMDBOR1kzTFRsa01UTXRaak0yTkRnMlpEUTFOek5pTUlJQklqQU5CZ2txaGtpRzl3MEIKQVFFRkFBT0NBUThBTUlJQkNnS0NBUUVBdFVON0pIc0FpaE9MeWxGc3A0WEMweDNoVHhxWFlzK01nNlRNalAzNQpEVDVKT0labUFDTkxwa29kYWMzcVJlWkZxdm9Xa3UxZUdjNFZzaWhqc0xyTHJjcGJxM0licDZ3ZG1WUGduWEIyCm5jdVRWUFM3RVFETEpjSlB4ZklaWG5rOUhMS0dRY1U3Q3M2eFM0M1k1NnR3QjViWm1id0FPUW9RQzBnQm81RkgKMWZyK1hSSEdVKytKUTU3ajAyckdsa1lpcS9iVS9WbnhTcTdpUWpsOWM2NE5TdC9IcDE1WExjRnpUMHlsUk5RRAplYitaazNsV2NYRGlIS0Vvc21tS0VYSVQxbi9XdFp1Z1Z0STA3NFpkcjRMTk9rZ1gxOU9pb2VGNS9Kc3ovU2RsCkNmV2E2bnRuWXNzb2ozTEM5bzFBMDBRVk1IcW9CQThjdkVWQlZRbVVhTmVtbFFJREFRQUJvMEl3UURBT0JnTlYKSFE4QkFmOEVCQU1DQWdRd0R3WURWUjBUQVFIL0JBVXdBd0VCL3pBZEJnTlZIUTRFRmdRVWliaXJsM09DNCtOYwpIL2NLVlFCRHhObVB6RFF3RFFZSktvWklodmNOQVFFTEJRQURnZ0VCQUZJR1JoSThSQ3F1ZC9SQ0ZnVWgxTFVVCjhPeGl6c1cyeU1BRHdkRG95RVRCYVBNNTVObndVMkJ5a0k1QWRZUGJDYlhReWxRS0pwUVZIS3A5TlpWcStITFAKWU9Wa2p3dVQwU3RrRmJiMCtUOXkySFlBbG4yMWJPaG9adGEwYktHVVE0R081VmdpSG40clk2NjlQWGo1engrZQpDdTFxWWd4a0s1RFdqN28zalBLY0g3WU1MVTVxL2s5cjVKeXQ1UE9GZkhxQVFvRjduUkdwRzF0VmhYcW8xckJiCkpSMkRNR04wOXh0MU0wdktPdUJvVjRiYUM3VnBFMENsSHpjZ3pPa0RUMW9kWVBLcW8wWW5nOCsxV1N3NG1NWngKZU0wRllUSlJBVXZFYytTRTJPSnYrUWtWMHM4aExIQnZVRi9WVTJXWlYzZXNYRkh3bitmTFcva0E2Z2w5UkRJPQotLS0tLUVORCBDRVJUSUZJQ0FURS0tLS0tCg==",
                "password": "",
                "username": ""
              }
            ],
            "master_authorized_networks_config": [],
            "master_version": "1.20.8-gke.900",
            "min_master_version": null,
            "monitoring_service": "monitoring.googleapis.com/kubernetes",
            "name": "my-gke-cluster",
            "network": "projects/citric-earth-319117/global/networks/default",
            "network_policy": [
              {
                "enabled": false,
                "provider": "PROVIDER_UNSPECIFIED"
              }
            ],
            "node_config": [],
            "node_locations": [
              "europe-west3-a",
              "europe-west3-b",
              "europe-west3-c"
            ],
            "node_pool": [],
            "node_version": "1.20.8-gke.900",
            "operation": null,
            "pod_security_policy_config": [],
            "private_cluster_config": [],
            "project": "citric-earth-319117",
            "release_channel": [
              {
                "channel": "REGULAR"
              }
            ],
            "remove_default_node_pool": true,
            "resource_labels": null,
            "resource_usage_export_config": [],
            "self_link": "https://container.googleapis.com/v1beta1/projects/citric-earth-319117/locations/europe-west3/clusters/my-gke-cluster",
            "services_ipv4_cidr": "10.3.240.0/20",
            "subnetwork": "projects/citric-earth-319117/regions/europe-west3/subnetworks/default",
            "timeouts": null,
            "vertical_pod_autoscaling": [],
            "workload_identity_config": []
          },
          "sensitive_attributes": [],
          "private": "eyJlMmJmYjczMC1lY2FhLTExZTYtOGY4OC0zNDM2M2JjN2M0YzAiOnsiY3JlYXRlIjoyNDAwMDAwMDAwMDAwLCJkZWxldGUiOjI0MDAwMDAwMDAwMDAsInJlYWQiOjI0MDAwMDAwMDAwMDAsInVwZGF0ZSI6MzYwMDAwMDAwMDAwMH0sInNjaGVtYV92ZXJzaW9uIjoiMSJ9"
        }
      ]
    },
    {
      "module": "module.cluster",
      "mode": "managed",
      "type": "google_container_node_pool",
      "name": "primary_preemptible_nodes",
      "provider": "provider[\"registry.terraform.io/hashicorp/google\"]",
      "instances": [
        {
          "schema_version": 1,
          "attributes": {
            "autoscaling": [],
            "cluster": "my-gke-cluster",
            "id": "projects/citric-earth-319117/locations/europe-west3/clusters/my-gke-cluster/nodePools/my-node-pool",
            "initial_node_count": 1,
            "instance_group_urls": [
              "https://www.googleapis.com/compute/v1/projects/citric-earth-319117/zones/europe-west3-b/instanceGroupManagers/gke-my-gke-cluster-my-node-pool-55c929f7-grp",
              "https://www.googleapis.com/compute/v1/projects/citric-earth-319117/zones/europe-west3-a/instanceGroupManagers/gke-my-gke-cluster-my-node-pool-eb7ab80a-grp",
              "https://www.googleapis.com/compute/v1/projects/citric-earth-319117/zones/europe-west3-c/instanceGroupManagers/gke-my-gke-cluster-my-node-pool-ef525ff1-grp"
            ],
            "location": "europe-west3",
            "management": [
              {
                "auto_repair": true,
                "auto_upgrade": true
              }
            ],
            "max_pods_per_node": null,
            "name": "my-node-pool",
            "name_prefix": "",
            "node_config": [
              {
                "disk_size_gb": 100,
                "disk_type": "pd-standard",
                "guest_accelerator": [],
                "image_type": "COS_CONTAINERD",
                "labels": {},
                "local_ssd_count": 0,
                "machine_type": "n1-standard-2",
                "metadata": {
                  "disable-legacy-endpoints": "true"
                },
                "min_cpu_platform": "",
                "oauth_scopes": [
                  "https://www.googleapis.com/auth/cloud-platform"
                ],
                "preemptible": true,
                "service_account": "home-895@citric-earth-319117.iam.gserviceaccount.com",
                "shielded_instance_config": [
                  {
                    "enable_integrity_monitoring": true,
                    "enable_secure_boot": false
                  }
                ],
                "tags": null,
                "taint": [],
                "workload_metadata_config": []
              }
            ],
            "node_count": 1,
            "node_locations": [
              "europe-west3-a",
              "europe-west3-b",
              "europe-west3-c"
            ],
            "project": "citric-earth-319117",
            "timeouts": null,
            "upgrade_settings": [
              {
                "max_surge": 1,
                "max_unavailable": 0
              }
            ],
            "version": "1.20.8-gke.900"
          },
          "sensitive_attributes": [],
          "private": "eyJlMmJmYjczMC1lY2FhLTExZTYtOGY4OC0zNDM2M2JjN2M0YzAiOnsiY3JlYXRlIjoxODAwMDAwMDAwMDAwLCJkZWxldGUiOjE4MDAwMDAwMDAwMDAsInVwZGF0ZSI6MTgwMDAwMDAwMDAwMH0sInNjaGVtYV92ZXJzaW9uIjoiMSJ9",
          "dependencies": [
            "module.cluster.google_container_cluster.primary"
          ]
        }
      ]
    },
    {
      "module": "module.firewall_rule",
      "mode": "managed",
      "type": "google_compute_firewall",
      "name": "allow-http",
      "provider": "provider[\"registry.terraform.io/hashicorp/google\"]",
      "instances": [
        {
          "schema_version": 1,
          "attributes": {
            "allow": [
              {
                "ports": [
                  "8080",
                  "443",
                  "22",
                  "80",
                  "5000"
                ],
                "protocol": "tcp"
              }
            ],
            "creation_timestamp": "2021-07-31T16:31:53.853-07:00",
            "deny": [],
            "description": "",
            "destination_ranges": [],
            "direction": "INGRESS",
            "disabled": false,
            "enable_logging": null,
            "id": "projects/citric-earth-319117/global/firewalls/allow-http",
            "log_config": [],
            "name": "allow-http",
            "network": "https://www.googleapis.com/compute/v1/projects/citric-earth-319117/global/networks/default",
            "priority": 1000,
            "project": "citric-earth-319117",
            "self_link": "https://www.googleapis.com/compute/v1/projects/citric-earth-319117/global/firewalls/allow-http",
            "source_ranges": [
              "0.0.0.0/0"
            ],
            "source_service_accounts": null,
            "source_tags": null,
            "target_service_accounts": null,
            "target_tags": null,
            "timeouts": null
          },
          "sensitive_attributes": [],
          "private": "eyJlMmJmYjczMC1lY2FhLTExZTYtOGY4OC0zNDM2M2JjN2M0YzAiOnsiY3JlYXRlIjoyNDAwMDAwMDAwMDAsImRlbGV0ZSI6MjQwMDAwMDAwMDAwLCJ1cGRhdGUiOjI0MDAwMDAwMDAwMH0sInNjaGVtYV92ZXJzaW9uIjoiMSJ9"
        }
      ]
    },
    {
      "module": "module.mysql",
      "mode": "managed",
      "type": "google_sql_database",
      "name": "db",
      "provider": "provider[\"registry.terraform.io/hashicorp/google\"]",
      "instances": [
        {
          "schema_version": 0,
          "attributes": {
            "charset": "utf8",
            "collation": "utf8_general_ci",
            "id": "projects/citric-earth-319117/instances/sql-2/databases/apidb",
            "instance": "sql-2",
            "name": "apidb",
            "project": "citric-earth-319117",
            "self_link": "https://sqladmin.googleapis.com/sql/v1beta4/projects/citric-earth-319117/instances/sql-2/databases/apidb",
            "timeouts": null
          },
          "sensitive_attributes": [],
          "private": "eyJlMmJmYjczMC1lY2FhLTExZTYtOGY4OC0zNDM2M2JjN2M0YzAiOnsiY3JlYXRlIjo5MDAwMDAwMDAwMDAsImRlbGV0ZSI6NjAwMDAwMDAwMDAwLCJ1cGRhdGUiOjYwMDAwMDAwMDAwMH19",
          "dependencies": [
            "module.mysql.google_sql_database_instance.sql"
          ]
        }
      ]
    },
    {
      "module": "module.mysql",
      "mode": "managed",
      "type": "google_sql_database_instance",
      "name": "sql",
      "provider": "provider[\"registry.terraform.io/hashicorp/google\"]",
      "instances": [
        {
          "schema_version": 0,
          "attributes": {
            "connection_name": "citric-earth-319117:europe-west3:sql-2",
            "database_version": "MYSQL_5_6",
            "deletion_protection": false,
            "first_ip_address": "35.234.95.25",
            "id": "sql-2",
            "ip_address": [
              {
                "ip_address": "35.234.95.25",
                "time_to_retire": "",
                "type": "PRIMARY"
              }
            ],
            "master_instance_name": "",
            "name": "sql-2",
            "private_ip_address": "",
            "project": "citric-earth-319117",
            "public_ip_address": "35.234.95.25",
            "region": "europe-west3",
            "replica_configuration": [],
            "root_password": null,
            "self_link": "https://sqladmin.googleapis.com/sql/v1beta4/projects/citric-earth-319117/instances/sql-2",
            "server_ca_cert": [
              {
                "cert": "-----BEGIN CERTIFICATE-----\nMIIDfzCCAmegAwIBAgIBADANBgkqhkiG9w0BAQsFADB3MS0wKwYDVQQuEyRmMmY0\nNGU0Ni04NmE2LTQxZTEtOTVmMC03MDk5ZjY1NDVkMTkxIzAhBgNVBAMTGkdvb2ds\nZSBDbG91ZCBTUUwgU2VydmVyIENBMRQwEgYDVQQKEwtHb29nbGUsIEluYzELMAkG\nA1UEBhMCVVMwHhcNMjEwNzMxMjMzMjAyWhcNMzEwNzI5MjMzMzAyWjB3MS0wKwYD\nVQQuEyRmMmY0NGU0Ni04NmE2LTQxZTEtOTVmMC03MDk5ZjY1NDVkMTkxIzAhBgNV\nBAMTGkdvb2dsZSBDbG91ZCBTUUwgU2VydmVyIENBMRQwEgYDVQQKEwtHb29nbGUs\nIEluYzELMAkGA1UEBhMCVVMwggEiMA0GCSqGSIb3DQEBAQUAA4IBDwAwggEKAoIB\nAQCx/aPbu2d9KMtmFqML9RcMrCWG1NFpd1tdrvJuS3rdR4K80HWKFf99Pu1WcCPt\nFXS+mPi6Cv4lH2r7qUgCqgGNW1q8gLhj8XWyuW2LInHSxlksd/jhu4B75P6N28HV\nBwGxiObZYYeD3M6O5jbBM96ZML/FlmFiiA7kLtba7WLFK6kHycqcEnvKqcblfySt\n8I+yK6RmmJB+mDoblfuNhlKSzIVJ/RNf0OfCGrEpd2siDZGDReKwl2hmFTeeaTON\ndbrlOyFfO7eDjCwq9cxS4Njw1A43Orao7/bgKXanRvzg9wFXr+MtOWfkcUXccmEk\ntRYU/dEMfQRihTUHIsBgUob3AgMBAAGjFjAUMBIGA1UdEwEB/wQIMAYBAf8CAQAw\nDQYJKoZIhvcNAQELBQADggEBAAOyiwSmARKotijtM67uNXcodCA/olsurGZCTwPn\nl2XVFE+t8ALIsGRjFSB8TnqsGshxeHUTYbUeMjG+pfbAymb+LHA78TOiyirke5ba\nwVreXpZbZnpsffWNhVJdIYfmjrhd/rre0EKR9ySXM4ot3gA4zTIAmIljUgU2u5fZ\nflVvrs9Obf8TQWNgcsaIN6gxW230t7AhV34IZHJQqoSoBF6Ip4Abm9hzgfYi/vbg\n58OGjXJRGs1hBdPgeUsBO/gGpxKJ7f59frn/rD+3R9pKrNeQ24W9YpHvhMu79JH6\nKMuPHdzc4dCeqBh2oWI1dekmXnoxeoH6sgKveStyGVIePCQ=\n-----END CERTIFICATE-----",
                "common_name": "C=US,O=Google\\, Inc,CN=Google Cloud SQL Server CA,dnQualifier=f2f44e46-86a6-41e1-95f0-7099f6545d19",
                "create_time": "2021-07-31T23:32:02.686Z",
                "expiration_time": "2031-07-29T23:33:02.686Z",
                "sha1_fingerprint": "2618fc828d8481e631618dbc115234d36868f607"
              }
            ],
            "service_account_email_address": "p469892678504-isuqca@gcp-sa-cloud-sql.iam.gserviceaccount.com",
            "settings": [
              {
                "activation_policy": "ALWAYS",
                "authorized_gae_applications": null,
                "availability_type": "ZONAL",
                "backup_configuration": [
                  {
                    "binary_log_enabled": false,
                    "enabled": false,
                    "location": "",
                    "point_in_time_recovery_enabled": false,
                    "start_time": "02:00"
                  }
                ],
                "crash_safe_replication": false,
                "database_flags": [],
                "disk_autoresize": true,
                "disk_size": 10,
                "disk_type": "PD_SSD",
                "ip_configuration": [
                  {
                    "authorized_networks": [],
                    "ipv4_enabled": true,
                    "private_network": "",
                    "require_ssl": false
                  }
                ],
                "location_preference": [
                  {
                    "follow_gae_application": "",
                    "zone": "europe-west3-a"
                  }
                ],
                "maintenance_window": [],
                "pricing_plan": "PER_USE",
                "replication_type": "SYNCHRONOUS",
                "tier": "db-f1-micro",
                "user_labels": null,
                "version": 1
              }
            ],
            "timeouts": null
          },
          "sensitive_attributes": [],
          "private": "eyJlMmJmYjczMC1lY2FhLTExZTYtOGY4OC0zNDM2M2JjN2M0YzAiOnsiY3JlYXRlIjoxMjAwMDAwMDAwMDAwLCJkZWxldGUiOjEyMDAwMDAwMDAwMDAsInVwZGF0ZSI6MTIwMDAwMDAwMDAwMH19"
        }
      ]
    },
    {
      "module": "module.mysql",
      "mode": "managed",
      "type": "google_sql_user",
      "name": "sql_root",
      "provider": "provider[\"registry.terraform.io/hashicorp/google\"]",
      "instances": [
        {
          "schema_version": 1,
          "attributes": {
            "deletion_policy": null,
            "host": "%",
            "id": "root/%/sql-2",
            "instance": "sql-2",
            "name": "root",
            "password": "thisIsA123PASS",
            "project": "citric-earth-319117",
            "timeouts": null,
            "type": ""
          },
          "sensitive_attributes": [],
          "private": "eyJlMmJmYjczMC1lY2FhLTExZTYtOGY4OC0zNDM2M2JjN2M0YzAiOnsiY3JlYXRlIjo2MDAwMDAwMDAwMDAsImRlbGV0ZSI6NjAwMDAwMDAwMDAwLCJ1cGRhdGUiOjYwMDAwMDAwMDAwMH0sInNjaGVtYV92ZXJzaW9uIjoiMSJ9",
          "dependencies": [
            "module.mysql.google_sql_database_instance.sql"
          ]
        }
      ]
    },
    {
      "module": "module.mysql",
      "mode": "managed",
      "type": "google_sql_user",
      "name": "sql_user",
      "provider": "provider[\"registry.terraform.io/hashicorp/google\"]",
      "instances": [
        {
          "schema_version": 1,
          "attributes": {
            "deletion_policy": null,
            "host": "%",
            "id": "apiuser/%/sql-2",
            "instance": "sql-2",
            "name": "apiuser",
            "password": "SecretPassword123!",
            "project": "citric-earth-319117",
            "timeouts": null,
            "type": ""
          },
          "sensitive_attributes": [],
          "private": "eyJlMmJmYjczMC1lY2FhLTExZTYtOGY4OC0zNDM2M2JjN2M0YzAiOnsiY3JlYXRlIjo2MDAwMDAwMDAwMDAsImRlbGV0ZSI6NjAwMDAwMDAwMDAwLCJ1cGRhdGUiOjYwMDAwMDAwMDAwMH0sInNjaGVtYV92ZXJzaW9uIjoiMSJ9",
          "dependencies": [
            "module.mysql.google_sql_database_instance.sql"
          ]
        }
      ]
    }
  ]
}
